
Microsoft Visual Studio Solution File, Format Version 12.00
# Visual Studio Version 17
VisualStudioVersion = 17.3.32825.248
MinimumVisualStudioVersion = 10.0.40219.1
Project("{FAE04EC0-301F-11D3-BF4B-00C04F79EFBC}") = "eCommerce.api", "eCommerce.api.csproj", "{6959212F-A97D-4726-B9EF-00857CFB75AD}"
EndProject
Global
	GlobalSection(SolutionConfigurationPlatforms) = preSolution
		Debug|Any CPU = Debug|Any CPU
		Release|Any CPU = Release|Any CPU
	EndGlobalSection
	GlobalSection(ProjectConfigurationPlatforms) = postSolution
		{6959212F-A97D-4726-B9EF-00857CFB75AD}.Debug|Any CPU.ActiveCfg = Debug|Any CPU
		{6959212F-A97D-4726-B9EF-00857CFB75AD}.Debug|Any CPU.Build.0 = Debug|Any CPU
		{6959212F-A97D-4726-B9EF-00857CFB75AD}.Release|Any CPU.ActiveCfg = Release|Any CPU
		{6959212F-A97D-4726-B9EF-00857CFB75AD}.Release|Any CPU.Build.0 = Release|Any CPU
	EndGlobalSection
	GlobalSection(SolutionProperties) = preSolution
		HideSolutionNode = FALSE
	EndGlobalSection
	GlobalSection(ExtensibilityGlobals) = postSolution
		SolutionGuid = {42C0318D-3ACC-4432-ABDB-8949D9E6CC52}
	EndGlobalSection
EndGlobal
